
Microsoft Visual Studio Solution File, Format Version 12.00
Project("{2150E333-8FDC-42A3-9474-1A3956D46DE8}") = "Solution Items", "Solution Items", "{9A5AC1FB-E280-4F08-9D2E-05985E43D2E1}"
	ProjectSection(SolutionItems) = preProject
		README.md = README.md
	EndProjectSection
EndProject
Project("{2150E333-8FDC-42A3-9474-1A3956D46DE8}") = "Part1_ProceduralToOOP", "Part1_ProceduralToOOP", "{B4275D39-A6DD-82E6-BC99-F9C30BC84055}"
EndProject
Project("{2150E333-8FDC-42A3-9474-1A3956D46DE8}") = "src", "src", "{88C25DDB-B91A-3E7E-9F97-16F90A5D22B5}"
EndProject
Project("{FAE04EC0-301F-11D3-BF4B-00C04F79EFBC}") = "Part1_ProceduralToOOP", "Part1_ProceduralToOOP\src\Part1_ProceduralToOOP.csproj", "{E9FBDA81-2E16-4376-81A3-3B266695EB17}"
EndProject
Project("{2150E333-8FDC-42A3-9474-1A3956D46DE8}") = "Part2_HotelReservationSystem", "Part2_HotelReservationSystem", "{033F3942-2394-2594-4239-B4461E2B8B3C}"
EndProject
Project("{2150E333-8FDC-42A3-9474-1A3956D46DE8}") = "src", "src", "{4C34D44A-D0A3-0BB7-3479-C753C9BE9E21}"
EndProject
Project("{FAE04EC0-301F-11D3-BF4B-00C04F79EFBC}") = "Part2_HotelReservationSystem", "Part2_HotelReservationSystem\src\Part2_HotelReservationSystem.csproj", "{4F936A3A-AD14-4F5B-BBB4-9DAF1D27A547}"
EndProject
Project("{2150E333-8FDC-42A3-9474-1A3956D46DE8}") = "Part3_BuilderPattern", "Part3_BuilderPattern", "{B42D66BA-2304-6C9E-BB6E-97CDDE8442CA}"
EndProject
Project("{2150E333-8FDC-42A3-9474-1A3956D46DE8}") = "src", "src", "{E6F8F974-19E3-51A8-1545-E4A60B3A4A3A}"
EndProject
Project("{FAE04EC0-301F-11D3-BF4B-00C04F79EFBC}") = "Part3_BuilderPattern", "Part3_BuilderPattern\src\Part3_BuilderPattern.csproj", "{7123B572-EA21-4E0E-B8B2-FCBD29EC31FF}"
EndProject
Project("{2150E333-8FDC-42A3-9474-1A3956D46DE8}") = "Part4_LeetCode", "Part4_LeetCode", "{66E60B73-CABE-4589-B697-FB95BB3F5641}"
	ProjectSection(SolutionItems) = preProject
		Part4_LeetCode\Solution.cs = Part4_LeetCode\Solution.cs
	EndProjectSection
EndProject
Global
	GlobalSection(SolutionConfigurationPlatforms) = preSolution
		Debug|Any CPU = Debug|Any CPU
		Debug|x64 = Debug|x64
		Debug|x86 = Debug|x86
		Release|Any CPU = Release|Any CPU
		Release|x64 = Release|x64
		Release|x86 = Release|x86
	EndGlobalSection
	GlobalSection(ProjectConfigurationPlatforms) = postSolution
		{E9FBDA81-2E16-4376-81A3-3B266695EB17}.Debug|Any CPU.ActiveCfg = Debug|Any CPU
		{E9FBDA81-2E16-4376-81A3-3B266695EB17}.Debug|Any CPU.Build.0 = Debug|Any CPU
		{E9FBDA81-2E16-4376-81A3-3B266695EB17}.Debug|x64.ActiveCfg = Debug|Any CPU
		{E9FBDA81-2E16-4376-81A3-3B266695EB17}.Debug|x64.Build.0 = Debug|Any CPU
		{E9FBDA81-2E16-4376-81A3-3B266695EB17}.Debug|x86.ActiveCfg = Debug|Any CPU
		{E9FBDA81-2E16-4376-81A3-3B266695EB17}.Debug|x86.Build.0 = Debug|Any CPU
		{E9FBDA81-2E16-4376-81A3-3B266695EB17}.Release|Any CPU.ActiveCfg = Release|Any CPU
		{E9FBDA81-2E16-4376-81A3-3B266695EB17}.Release|Any CPU.Build.0 = Release|Any CPU
		{E9FBDA81-2E16-4376-81A3-3B266695EB17}.Release|x64.ActiveCfg = Release|Any CPU
		{E9FBDA81-2E16-4376-81A3-3B266695EB17}.Release|x64.Build.0 = Release|Any CPU
		{E9FBDA81-2E16-4376-81A3-3B266695EB17}.Release|x86.ActiveCfg = Release|Any CPU
		{E9FBDA81-2E16-4376-81A3-3B266695EB17}.Release|x86.Build.0 = Release|Any CPU
		{4F936A3A-AD14-4F5B-BBB4-9DAF1D27A547}.Debug|Any CPU.ActiveCfg = Debug|Any CPU
		{4F936A3A-AD14-4F5B-BBB4-9DAF1D27A547}.Debug|Any CPU.Build.0 = Debug|Any CPU
		{4F936A3A-AD14-4F5B-BBB4-9DAF1D27A547}.Debug|x64.ActiveCfg = Debug|Any CPU
		{4F936A3A-AD14-4F5B-BBB4-9DAF1D27A547}.Debug|x64.Build.0 = Debug|Any CPU
		{4F936A3A-AD14-4F5B-BBB4-9DAF1D27A547}.Debug|x86.ActiveCfg = Debug|Any CPU
		{4F936A3A-AD14-4F5B-BBB4-9DAF1D27A547}.Debug|x86.Build.0 = Debug|Any CPU
		{4F936A3A-AD14-4F5B-BBB4-9DAF1D27A547}.Release|Any CPU.ActiveCfg = Release|Any CPU
		{4F936A3A-AD14-4F5B-BBB4-9DAF1D27A547}.Release|Any CPU.Build.0 = Release|Any CPU
		{4F936A3A-AD14-4F5B-BBB4-9DAF1D27A547}.Release|x64.ActiveCfg = Release|Any CPU
		{4F936A3A-AD14-4F5B-BBB4-9DAF1D27A547}.Release|x64.Build.0 = Release|Any CPU
		{4F936A3A-AD14-4F5B-BBB4-9DAF1D27A547}.Release|x86.ActiveCfg = Release|Any CPU
		{4F936A3A-AD14-4F5B-BBB4-9DAF1D27A547}.Release|x86.Build.0 = Release|Any CPU
		{7123B572-EA21-4E0E-B8B2-FCBD29EC31FF}.Debug|Any CPU.ActiveCfg = Debug|Any CPU
		{7123B572-EA21-4E0E-B8B2-FCBD29EC31FF}.Debug|Any CPU.Build.0 = Debug|Any CPU
		{7123B572-EA21-4E0E-B8B2-FCBD29EC31FF}.Debug|x64.ActiveCfg = Debug|Any CPU
		{7123B572-EA21-4E0E-B8B2-FCBD29EC31FF}.Debug|x64.Build.0 = Debug|Any CPU
		{7123B572-EA21-4E0E-B8B2-FCBD29EC31FF}.Debug|x86.ActiveCfg = Debug|Any CPU
		{7123B572-EA21-4E0E-B8B2-FCBD29EC31FF}.Debug|x86.Build.0 = Debug|Any CPU
		{7123B572-EA21-4E0E-B8B2-FCBD29EC31FF}.Release|Any CPU.ActiveCfg = Release|Any CPU
		{7123B572-EA21-4E0E-B8B2-FCBD29EC31FF}.Release|Any CPU.Build.0 = Release|Any CPU
		{7123B572-EA21-4E0E-B8B2-FCBD29EC31FF}.Release|x64.ActiveCfg = Release|Any CPU
		{7123B572-EA21-4E0E-B8B2-FCBD29EC31FF}.Release|x64.Build.0 = Release|Any CPU
		{7123B572-EA21-4E0E-B8B2-FCBD29EC31FF}.Release|x86.ActiveCfg = Release|Any CPU
		{7123B572-EA21-4E0E-B8B2-FCBD29EC31FF}.Release|x86.Build.0 = Release|Any CPU
	EndGlobalSection
	GlobalSection(SolutionProperties) = preSolution
		HideSolutionNode = FALSE
	EndGlobalSection
	GlobalSection(NestedProjects) = preSolution
		{88C25DDB-B91A-3E7E-9F97-16F90A5D22B5} = {B4275D39-A6DD-82E6-BC99-F9C30BC84055}
		{E9FBDA81-2E16-4376-81A3-3B266695EB17} = {88C25DDB-B91A-3E7E-9F97-16F90A5D22B5}
		{4C34D44A-D0A3-0BB7-3479-C753C9BE9E21} = {033F3942-2394-2594-4239-B4461E2B8B3C}
		{4F936A3A-AD14-4F5B-BBB4-9DAF1D27A547} = {4C34D44A-D0A3-0BB7-3479-C753C9BE9E21}
		{E6F8F974-19E3-51A8-1545-E4A60B3A4A3A} = {B42D66BA-2304-6C9E-BB6E-97CDDE8442CA}
		{7123B572-EA21-4E0E-B8B2-FCBD29EC31FF} = {E6F8F974-19E3-51A8-1545-E4A60B3A4A3A}
	EndGlobalSection
EndGlobal
